
Microsoft Visual Studio Solution File, Format Version 12.00
# Visual Studio Version 17
VisualStudioVersion = 17.3.32929.385
MinimumVisualStudioVersion = 10.0.40219.1
Project("{9A19103F-16F7-4668-BE54-9A1E7A4F7556}") = "Firmstationery", "Firmstationery\Firmstationery.csproj", "{8F08879A-D8A7-47F0-96B7-D868EBED1C2B}"
EndProject
Project("{FAE04EC0-301F-11D3-BF4B-00C04F79EFBC}") = "DBEntity", "DBEntity\DBEntity.csproj", "{E75D7638-8EC5-4150-B000-BD2106FF5F10}"
EndProject
Global
	GlobalSection(SolutionConfigurationPlatforms) = preSolution
		Debug|Any CPU = Debug|Any CPU
		Release|Any CPU = Release|Any CPU
	EndGlobalSection
	GlobalSection(ProjectConfigurationPlatforms) = postSolution
		{8F08879A-D8A7-47F0-96B7-D868EBED1C2B}.Debug|Any CPU.ActiveCfg = Debug|Any CPU
		{8F08879A-D8A7-47F0-96B7-D868EBED1C2B}.Debug|Any CPU.Build.0 = Debug|Any CPU
		{8F08879A-D8A7-47F0-96B7-D868EBED1C2B}.Release|Any CPU.ActiveCfg = Release|Any CPU
		{8F08879A-D8A7-47F0-96B7-D868EBED1C2B}.Release|Any CPU.Build.0 = Release|Any CPU
		{E75D7638-8EC5-4150-B000-BD2106FF5F10}.Debug|Any CPU.ActiveCfg = Debug|Any CPU
		{E75D7638-8EC5-4150-B000-BD2106FF5F10}.Debug|Any CPU.Build.0 = Debug|Any CPU
		{E75D7638-8EC5-4150-B000-BD2106FF5F10}.Release|Any CPU.ActiveCfg = Release|Any CPU
		{E75D7638-8EC5-4150-B000-BD2106FF5F10}.Release|Any CPU.Build.0 = Release|Any CPU
	EndGlobalSection
	GlobalSection(SolutionProperties) = preSolution
		HideSolutionNode = FALSE
	EndGlobalSection
	GlobalSection(ExtensibilityGlobals) = postSolution
		SolutionGuid = {675FA752-26FC-4C1F-8751-269F9E3353F3}
	EndGlobalSection
EndGlobal
